// !$*UTF8*$!
{
	archiveVersion = 1;
	classes = {
	};
	objectVersion = 50;
	objects = {

/* Begin PBXBuildFile section */
		7BC954AD2383BCDC00EE0A78 /* AppDelegate.swift in Sources */ = {isa = PBXBuildFile; fileRef = 7BC954AC2383BCDC00EE0A78 /* AppDelegate.swift */; };
		7BC954AF2383BCDC00EE0A78 /* SceneDelegate.swift in Sources */ = {isa = PBXBuildFile; fileRef = 7BC954AE2383BCDC00EE0A78 /* SceneDelegate.swift */; };
		7BC954B12383BCDC00EE0A78 /* ViewController.swift in Sources */ = {isa = PBXBuildFile; fileRef = 7BC954B02383BCDC00EE0A78 /* ViewController.swift */; };
		7BC954B42383BCDC00EE0A78 /* Main.storyboard in Resources */ = {isa = PBXBuildFile; fileRef = 7BC954B22383BCDC00EE0A78 /* Main.storyboard */; };
		7BC954B62383BCDE00EE0A78 /* Assets.xcassets in Resources */ = {isa = PBXBuildFile; fileRef = 7BC954B52383BCDE00EE0A78 /* Assets.xcassets */; };
		7BC954B92383BCDE00EE0A78 /* LaunchScreen.storyboard in Resources */ = {isa = PBXBuildFile; fileRef = 7BC954B72383BCDE00EE0A78 /* LaunchScreen.storyboard */; };
/* End PBXBuildFile section */

/* Begin PBXFileReference section */
		7BC954A92383BCDC00EE0A78 /* CameraProject.app */ = {isa = PBXFileReference; explicitFileType = wrapper.application; includeInIndex = 0; path = CameraProject.app; sourceTree = BUILT_PRODUCTS_DIR; };
		7BC954AC2383BCDC00EE0A78 /* AppDelegate.swift */ = {isa = PBXFileReference; lastKnownFileType = sourcecode.swift; path = AppDelegate.swift; sourceTree = "<group>"; };
		7BC954AE2383BCDC00EE0A78 /* SceneDelegate.swift */ = {isa = PBXFileReference; lastKnownFileType = sourcecode.swift; path = SceneDelegate.swift; sourceTree = "<group>"; };
		7BC954B02383BCDC00EE0A78 /* ViewController.swift */ = {isa = PBXFileReference; lastKnownFileType = sourcecode.swift; path = ViewController.swift; sourceTree = "<group>"; };
		7BC954B32383BCDC00EE0A78 /* Base */ = {isa = PBXFileReference; lastKnownFileType = file.storyboard; name = Base; path = Base.lproj/Main.storyboard; sourceTree = "<group>"; };
		7BC954B52383BCDE00EE0A78 /* Assets.xcassets */ = {isa = PBXFileReference; lastKnownFileType = folder.assetcatalog; path = Assets.xcassets; sourceTree = "<group>"; };
		7BC954B82383BCDE00EE0A78 /* Base */ = {isa = PBXFileReference; lastKnownFileType = file.storyboard; name = Base; path = Base.lproj/LaunchScreen.storyboard; sourceTree = "<group>"; };
		7BC954BA2383BCDE00EE0A78 /* Info.plist */ = {isa = PBXFileReference; lastKnownFileType = text.plist.xml; path = Info.plist; sourceTree = "<group>"; };
/* End PBXFileReference section */

/* Begin PBXFrameworksBuildPhase section */
		7BC954A62383BCDC00EE0A78 /* Frameworks */ = {
			isa = PBXFrameworksBuildPhase;
			buildActionMask = 2147483647;
			files = (
			);
			runOnlyForDeploymentPostprocessing = 0;
		};
/* End PBXFrameworksBuildPhase section */

/* Begin PBXGroup section */
		7BC954A02383BCDC00EE0A78 = {
			isa = PBXGroup;
			children = (
				7BC954AB2383BCDC00EE0A78 /* CameraProject */,
				7BC954AA2383BCDC00EE0A78 /* Products */,
			);
			sourceTree = "<group>";
		};
		7BC954AA2383BCDC00EE0A78 /* Products */ = {
			isa = PBXGroup;
			children = (
				7BC954A92383BCDC00EE0A78 /* CameraProject.app */,
			);
			name = Products;
			sourceTree = "<group>";
		};
		7BC954AB2383BCDC00EE0A78 /* CameraProject */ = {
			isa = PBXGroup;
			children = (
				7BC954AC2383BCDC00EE0A78 /* AppDelegate.swift */,
				7BC954AE2383BCDC00EE0A78 /* SceneDelegate.swift */,
				7BC954B02383BCDC00EE0A78 /* ViewController.swift */,
				7BC954B22383BCDC00EE0A78 /* Main.storyboard */,
				7BC954B52383BCDE00EE0A78 /* Assets.xcassets */,
				7BC954B72383BCDE00EE0A78 /* LaunchScreen.storyboard */,
				7BC954BA2383BCDE00EE0A78 /* Info.plist */,
			);
			path = CameraProject;
			sourceTree = "<group>";
		};
/* End PBXGroup section */

/* Begin PBXNativeTarget section */
		7BC954A82383BCDC00EE0A78 /* CameraProject */ = {
			isa = PBXNativeTarget;
			buildConfigurationList = 7BC954BD2383BCDE00EE0A78 /* Build configuration list for PBXNativeTarget "CameraProject" */;
			buildPhases = (
				7BC954A52383BCDC00EE0A78 /* Sources */,
				7BC954A62383BCDC00EE0A78 /* Frameworks */,
				7BC954A72383BCDC00EE0A78 /* Resources */,
			);
			buildRules = (
			);
			dependencies = (
			);
			name = CameraProject;
			productName = CameraProject;
			productReference = 7BC954A92383BCDC00EE0A78 /* CameraProject.app */;
			productType = "com.apple.product-type.application";
		};
/* End PBXNativeTarget section */

/* Begin PBXProject section */
		7BC954A12383BCDC00EE0A78 /* Project object */ = {
			isa = PBXProject;
			attributes = {
				LastSwiftUpdateCheck = 1110;
				LastUpgradeCheck = 1110;
				ORGANIZATIONNAME = Mizuki;
				TargetAttributes = {
					7BC954A82383BCDC00EE0A78 = {
						CreatedOnToolsVersion = 11.1;
					};
				};
			};
			buildConfigurationList = 7BC954A42383BCDC00EE0A78 /* Build configuration list for PBXProject "CameraProject" */;
			compatibilityVersion = "Xcode 9.3";
			developmentRegion = en;
			hasScannedForEncodings = 0;
			knownRegions = (
				en,
				Base,
			);
			mainGroup = 7BC954A02383BCDC00EE0A78;
			productRefGroup = 7BC954AA2383BCDC00EE0A78 /* Products */;
			projectDirPath = "";
			projectRoot = "";
			targets = (
				7BC954A82383BCDC00EE0A78 /* CameraProject */,
			);
		};
/* End PBXProject section */

/* Begin PBXResourcesBuildPhase section */
		7BC954A72383BCDC00EE0A78 /* Resources */ = {
			isa = PBXResourcesBuildPhase;
			buildActionMask = 2147483647;
			files = (
				7BC954B92383BCDE00EE0A78 /* LaunchScreen.storyboard in Resources */,
				7BC954B62383BCDE00EE0A78 /* Assets.xcassets in Resources */,
				7BC954B42383BCDC00EE0A78 /* Main.storyboard in Resources */,
			);
			runOnlyForDeploymentPostprocessing = 0;
		};
/* End PBXResourcesBuildPhase section */

/* Begin PBXSourcesBuildPhase section */
		7BC954A52383BCDC00EE0A78 /* Sources */ = {
			isa = PBXSourcesBuildPhase;
			buildActionMask = 2147483647;
			files = (
				7BC954B12383BCDC00EE0A78 /* ViewController.swift in Sources */,
				7BC954AD2383BCDC00EE0A78 /* AppDelegate.swift in Sources */,
				7BC954AF2383BCDC00EE0A78 /* SceneDelegate.swift in Sources */,
			);
			runOnlyForDeploymentPostprocessing = 0;
		};
/* End PBXSourcesBuildPhase section */

/* Begin PBXVariantGroup section */
		7BC954B22383BCDC00EE0A78 /* Main.storyboard */ = {
			isa = PBXVariantGroup;
			children = (
				7BC954B32383BCDC00EE0A78 /* Base */,
			);
			name = Main.storyboard;
			sourceTree = "<group>";
		};
		7BC954B72383BCDE00EE0A78 /* LaunchScreen.storyboard */ = {
			isa = PBXVariantGroup;
			children = (
				7BC954B82383BCDE00EE0A78 /* Base */,
			);
			name = LaunchScreen.storyboard;
			sourceTree = "<group>";
		};
/* End PBXVariantGroup section */

/* Begin XCBuildConfiguration section */
		7BC954BB2383BCDE00EE0A78 /* Debug */ = {
			isa = XCBuildConfiguration;
			buildSettings = {
				ALWAYS_SEARCH_USER_PATHS = NO;
				CLANG_ANALYZER_NONNULL = YES;
				CLANG_ANALYZER_NUMBER_OBJECT_CONVERSION = YES_AGGRESSIVE;
				CLANG_CXX_LANGUAGE_STANDARD = "gnu++14";
				CLANG_CXX_LIBRARY = "libc++";
				CLANG_ENABLE_MODULES = YES;
				CLANG_ENABLE_OBJC_ARC = YES;
				CLANG_ENABLE_OBJC_WEAK = YES;
				CLANG_WARN_BLOCK_CAPTURE_AUTORELEASING = YES;
				CLANG_WARN_BOOL_CONVERSION = YES;
				CLANG_WARN_COMMA = YES;
				CLANG_WARN_CONSTANT_CONVERSION = YES;
				CLANG_WARN_DEPRECATED_OBJC_IMPLEMENTATIONS = YES;
				CLANG_WARN_DIRECT_OBJC_ISA_USAGE = YES_ERROR;
				CLANG_WARN_DOCUMENTATION_COMMENTS = YES;
				CLANG_WARN_EMPTY_BODY = YES;
				CLANG_WARN_ENUM_CONVERSION = YES;
				CLANG_WARN_INFINITE_RECURSION = YES;
				CLANG_WARN_INT_CONVERSION = YES;
				CLANG_WARN_NON_LITERAL_NULL_CONVERSION = YES;
				CLANG_WARN_OBJC_IMPLICIT_RETAIN_SELF = YES;
				CLANG_WARN_OBJC_LITERAL_CONVERSION = YES;
				CLANG_WARN_OBJC_ROOT_CLASS = YES_ERROR;
				CLANG_WARN_RANGE_LOOP_ANALYSIS = YES;
				CLANG_WARN_STRICT_PROTOTYPES = YES;
				CLANG_WARN_SUSPICIOUS_MOVE = YES;
				CLANG_WARN_UNGUARDED_AVAILABILITY = YES_AGGRESSIVE;
				CLANG_WARN_UNREACHABLE_CODE = YES;
				CLANG_WARN__DUPLICATE_METHOD_MATCH = YES;
				COPY_PHASE_STRIP = NO;
				DEBUG_INFORMATION_FORMAT = dwarf;
				ENABLE_STRICT_OBJC_MSGSEND = YES;
				ENABLE_TESTABILITY = YES;
				GCC_C_LANGUAGE_STANDARD = gnu11;
				GCC_DYNAMIC_NO_PIC = NO;
				GCC_NO_COMMON_BLOCKS = YES;
				GCC_OPTIMIZATION_LEVEL = 0;
				GCC_PREPROCESSOR_DEFINITIONS = (
					"DEBUG=1",
					"$(inherited)",
				);
				GCC_WARN_64_TO_32_BIT_CONVERSION = YES;
				GCC_WARN_ABOUT_RETURN_TYPE = YES_ERROR;
				GCC_WARN_UNDECLARED_SELECTOR = YES;
				GCC_WARN_UNINITIALIZED_AUTOS = YES_AGGRESSIVE;
				GCC_WARN_UNUSED_FUNCTION = YES;
				GCC_WARN_UNUSED_VARIABLE = YES;
				IPHONEOS_DEPLOYMENT_TARGET = 13.1;
				MTL_ENABLE_DEBUG_INFO = INCLUDE_SOURCE;
				MTL_FAST_MATH = YES;
				ONLY_ACTIVE_ARCH = YES;
				SDKROOT = iphoneos;
				SWIFT_ACTIVE_COMPILATION_CONDITIONS = DEBUG;
				SWIFT_OPTIMIZATION_LEVEL = "-Onone";
			};
			name = Debug;
		};
		7BC954BC2383BCDE00EE0A78 /* Release */ = {
			isa = XCBuildConfiguration;
			buildSettings = {
				ALWAYS_SEARCH_USER_PATHS = NO;
				CLANG_ANALYZER_NONNULL = YES;
				CLANG_ANALYZER_NUMBER_OBJECT_CONVERSION = YES_AGGRESSIVE;
				CLANG_CXX_LANGUAGE_STANDARD = "gnu++14";
				CLANG_CXX_LIBRARY = "libc++";
				CLANG_ENABLE_MODULES = YES;
				CLANG_ENABLE_OBJC_ARC = YES;
				CLANG_ENABLE_OBJC_WEAK = YES;
				CLANG_WARN_BLOCK_CAPTURE_AUTORELEASING = YES;
				CLANG_WARN_BOOL_CONVERSION = YES;
				CLANG_WARN_COMMA = YES;
				CLANG_WARN_CONSTANT_CONVERSION = YES;
				CLANG_WARN_DEPRECATED_OBJC_IMPLEMENTATIONS = YES;
				CLANG_WARN_DIRECT_OBJC_ISA_USAGE = YES_ERROR;
				CLANG_WARN_DOCUMENTATION_COMMENTS = YES;
				CLANG_WARN_EMPTY_BODY = YES;
				CLANG_WARN_ENUM_CONVERSION = YES;
				CLANG_WARN_INFINITE_RECURSION = YES;
				CLANG_WARN_INT_CONVERSION = YES;
				CLANG_WARN_NON_LITERAL_NULL_CONVERSION = YES;
				CLANG_WARN_OBJC_IMPLICIT_RETAIN_SELF = YES;
				CLANG_WARN_OBJC_LITERAL_CONVERSION = YES;
				CLANG_WARN_OBJC_ROOT_CLASS = YES_ERROR;
				CLANG_WARN_RANGE_LOOP_ANALYSIS = YES;
				CLANG_WARN_STRICT_PROTOTYPES = YES;
				CLANG_WARN_SUSPICIOUS_MOVE = YES;
				CLANG_WARN_UNGUARDED_AVAILABILITY = YES_AGGRESSIVE;
				CLANG_WARN_UNREACHABLE_CODE = YES;
				CLANG_WARN__DUPLICATE_METHOD_MATCH = YES;
				COPY_PHASE_STRIP = NO;
				DEBUG_INFORMATION_FORMAT = "dwarf-with-dsym";
				ENABLE_NS_ASSERTIONS = NO;
				ENABLE_STRICT_OBJC_MSGSEND = YES;
				GCC_C_LANGUAGE_STANDARD = gnu11;
				GCC_NO_COMMON_BLOCKS = YES;
				GCC_WARN_64_TO_32_BIT_CONVERSION = YES;
				GCC_WARN_ABOUT_RETURN_TYPE = YES_ERROR;
				GCC_WARN_UNDECLARED_SELECTOR = YES;
				GCC_WARN_UNINITIALIZED_AUTOS = YES_AGGRESSIVE;
				GCC_WARN_UNUSED_FUNCTION = YES;
				GCC_WARN_UNUSED_VARIABLE = YES;
				IPHONEOS_DEPLOYMENT_TARGET = 13.1;
				MTL_ENABLE_DEBUG_INFO = NO;
				MTL_FAST_MATH = YES;
				SDKROOT = iphoneos;
				SWIFT_COMPILATION_MODE = wholemodule;
				SWIFT_OPTIMIZATION_LEVEL = "-O";
				VALIDATE_PRODUCT = YES;
			};
			name = Release;
		};
		7BC954BE2383BCDE00EE0A78 /* Debug */ = {
			isa = XCBuildConfiguration;
			buildSettings = {
				ASSETCATALOG_COMPILER_APPICON_NAME = AppIcon;
				CODE_SIGN_STYLE = Automatic;
				DEVELOPMENT_TEAM = AKH29S9QB6;
				INFOPLIST_FILE = CameraProject/Info.plist;
				LD_RUNPATH_SEARCH_PATHS = (
					"$(inherited)",
					"@executable_path/Frameworks",
				);
				PRODUCT_BUNDLE_IDENTIFIER = com.example.CameraProject23;
				PRODUCT_NAME = "$(TARGET_NAME)";
				SWIFT_VERSION = 5.0;
				TARGETED_DEVICE_FAMILY = "1,2";
			};
			name = Debug;
		};
		7BC954BF2383BCDE00EE0A78 /* Release */ = {
			isa = XCBuildConfiguration;
			buildSettings = {
				ASSETCATALOG_COMPILER_APPICON_NAME = AppIcon;
				CODE_SIGN_STYLE = Automatic;
				DEVELOPMENT_TEAM = AKH29S9QB6;
				INFOPLIST_FILE = CameraProject/Info.plist;
				LD_RUNPATH_SEARCH_PATHS = (
					"$(inherited)",
					"@executable_path/Frameworks",
				);
				PRODUCT_BUNDLE_IDENTIFIER = com.example.CameraProject23;
				PRODUCT_NAME = "$(TARGET_NAME)";
				SWIFT_VERSION = 5.0;
				TARGETED_DEVICE_FAMILY = "1,2";
			};
			name = Release;
		};
/* End XCBuildConfiguration section */

/* Begin XCConfigurationList section */
		7BC954A42383BCDC00EE0A78 /* Build configuration list for PBXProject "CameraProject" */ = {
			isa = XCConfigurationList;
			buildConfigurations = (
				7BC954BB2383BCDE00EE0A78 /* Debug */,
				7BC954BC2383BCDE00EE0A78 /* Release */,
			);
			defaultConfigurationIsVisible = 0;
			defaultConfigurationName = Release;
		};
		7BC954BD2383BCDE00EE0A78 /* Build configuration list for PBXNativeTarget "CameraProject" */ = {
			isa = XCConfigurationList;
			buildConfigurations = (
				7BC954BE2383BCDE00EE0A78 /* Debug */,
				7BC954BF2383BCDE00EE0A78 /* Release */,
			);
			defaultConfigurationIsVisible = 0;
			defaultConfigurationName = Release;
		};
/* End XCConfigurationList section */
	};
	rootObject = 7BC954A12383BCDC00EE0A78 /* Project object */;
}
